
Microsoft Visual Studio Solution File, Format Version 12.00
# Visual Studio Version 17
VisualStudioVersion = 17.13.35919.96 d17.13
MinimumVisualStudioVersion = 10.0.40219.1
Project("{FAE04EC0-301F-11D3-BF4B-00C04F79EFBC}") = "Project 10", "ConsoleApp1\Project 10.csproj", "{4EF9DDCB-9DEA-4E5C-AF30-737D7A409EE3}"
EndProject
Global
	GlobalSection(SolutionConfigurationPlatforms) = preSolution
		Debug|Any CPU = Debug|Any CPU
		Release|Any CPU = Release|Any CPU
	EndGlobalSection
	GlobalSection(ProjectConfigurationPlatforms) = postSolution
		{4EF9DDCB-9DEA-4E5C-AF30-737D7A409EE3}.Debug|Any CPU.ActiveCfg = Debug|Any CPU
		{4EF9DDCB-9DEA-4E5C-AF30-737D7A409EE3}.Debug|Any CPU.Build.0 = Debug|Any CPU
		{4EF9DDCB-9DEA-4E5C-AF30-737D7A409EE3}.Release|Any CPU.ActiveCfg = Release|Any CPU
		{4EF9DDCB-9DEA-4E5C-AF30-737D7A409EE3}.Release|Any CPU.Build.0 = Release|Any CPU
	EndGlobalSection
	GlobalSection(SolutionProperties) = preSolution
		HideSolutionNode = FALSE
	EndGlobalSection
	GlobalSection(ExtensibilityGlobals) = postSolution
		SolutionGuid = {84FE5E34-6077-4F6C-ADAE-21DBAF90277B}
	EndGlobalSection
EndGlobal
